// !$*UTF8*$!
{
	archiveVersion = 1;
	classes = {
	};
	objectVersion = 50;
	objects = {

/* Begin PBXBuildFile section */
		76A2AB882508639A00E709A9 /* AppDelegate.swift in Sources */ = {isa = PBXBuildFile; fileRef = 76A2AB872508639A00E709A9 /* AppDelegate.swift */; };
		76A2AB8A2508639A00E709A9 /* SceneDelegate.swift in Sources */ = {isa = PBXBuildFile; fileRef = 76A2AB892508639A00E709A9 /* SceneDelegate.swift */; };
		76A2AB8C2508639A00E709A9 /* ContentView.swift in Sources */ = {isa = PBXBuildFile; fileRef = 76A2AB8B2508639A00E709A9 /* ContentView.swift */; };
		76A2AB8E250863A000E709A9 /* Assets.xcassets in Resources */ = {isa = PBXBuildFile; fileRef = 76A2AB8D250863A000E709A9 /* Assets.xcassets */; };
		76A2AB91250863A000E709A9 /* Preview Assets.xcassets in Resources */ = {isa = PBXBuildFile; fileRef = 76A2AB90250863A000E709A9 /* Preview Assets.xcassets */; };
		76A2AB94250863A000E709A9 /* LaunchScreen.storyboard in Resources */ = {isa = PBXBuildFile; fileRef = 76A2AB92250863A000E709A9 /* LaunchScreen.storyboard */; };
		76A2AB9F250863A000E709A9 /* SwiftUI_Dice_appTests.swift in Sources */ = {isa = PBXBuildFile; fileRef = 76A2AB9E250863A000E709A9 /* SwiftUI_Dice_appTests.swift */; };
		76A2ABAA250863A100E709A9 /* SwiftUI_Dice_appUITests.swift in Sources */ = {isa = PBXBuildFile; fileRef = 76A2ABA9250863A100E709A9 /* SwiftUI_Dice_appUITests.swift */; };
		76A2ABB8250863C400E709A9 /* .gitignore in Resources */ = {isa = PBXBuildFile; fileRef = 76A2ABB7250863C400E709A9 /* .gitignore */; };
/* End PBXBuildFile section */

/* Begin PBXContainerItemProxy section */
		76A2AB9B250863A000E709A9 /* PBXContainerItemProxy */ = {
			isa = PBXContainerItemProxy;
			containerPortal = 76A2AB7C2508639A00E709A9 /* Project object */;
			proxyType = 1;
			remoteGlobalIDString = 76A2AB832508639A00E709A9;
			remoteInfo = "SwiftUI Dice app";
		};
		76A2ABA6250863A100E709A9 /* PBXContainerItemProxy */ = {
			isa = PBXContainerItemProxy;
			containerPortal = 76A2AB7C2508639A00E709A9 /* Project object */;
			proxyType = 1;
			remoteGlobalIDString = 76A2AB832508639A00E709A9;
			remoteInfo = "SwiftUI Dice app";
		};
/* End PBXContainerItemProxy section */

/* Begin PBXFileReference section */
		76A2AB842508639A00E709A9 /* SwiftUI Dice app.app */ = {isa = PBXFileReference; explicitFileType = wrapper.application; includeInIndex = 0; path = "SwiftUI Dice app.app"; sourceTree = BUILT_PRODUCTS_DIR; };
		76A2AB872508639A00E709A9 /* AppDelegate.swift */ = {isa = PBXFileReference; lastKnownFileType = sourcecode.swift; path = AppDelegate.swift; sourceTree = "<group>"; };
		76A2AB892508639A00E709A9 /* SceneDelegate.swift */ = {isa = PBXFileReference; lastKnownFileType = sourcecode.swift; path = SceneDelegate.swift; sourceTree = "<group>"; };
		76A2AB8B2508639A00E709A9 /* ContentView.swift */ = {isa = PBXFileReference; lastKnownFileType = sourcecode.swift; path = ContentView.swift; sourceTree = "<group>"; };
		76A2AB8D250863A000E709A9 /* Assets.xcassets */ = {isa = PBXFileReference; lastKnownFileType = folder.assetcatalog; path = Assets.xcassets; sourceTree = "<group>"; };
		76A2AB90250863A000E709A9 /* Preview Assets.xcassets */ = {isa = PBXFileReference; lastKnownFileType = folder.assetcatalog; path = "Preview Assets.xcassets"; sourceTree = "<group>"; };
		76A2AB93250863A000E709A9 /* Base */ = {isa = PBXFileReference; lastKnownFileType = file.storyboard; name = Base; path = Base.lproj/LaunchScreen.storyboard; sourceTree = "<group>"; };
		76A2AB95250863A000E709A9 /* Info.plist */ = {isa = PBXFileReference; lastKnownFileType = text.plist.xml; path = Info.plist; sourceTree = "<group>"; };
		76A2AB9A250863A000E709A9 /* SwiftUI Dice appTests.xctest */ = {isa = PBXFileReference; explicitFileType = wrapper.cfbundle; includeInIndex = 0; path = "SwiftUI Dice appTests.xctest"; sourceTree = BUILT_PRODUCTS_DIR; };
		76A2AB9E250863A000E709A9 /* SwiftUI_Dice_appTests.swift */ = {isa = PBXFileReference; lastKnownFileType = sourcecode.swift; path = SwiftUI_Dice_appTests.swift; sourceTree = "<group>"; };
		76A2ABA0250863A000E709A9 /* Info.plist */ = {isa = PBXFileReference; lastKnownFileType = text.plist.xml; path = Info.plist; sourceTree = "<group>"; };
		76A2ABA5250863A100E709A9 /* SwiftUI Dice appUITests.xctest */ = {isa = PBXFileReference; explicitFileType = wrapper.cfbundle; includeInIndex = 0; path = "SwiftUI Dice appUITests.xctest"; sourceTree = BUILT_PRODUCTS_DIR; };
		76A2ABA9250863A100E709A9 /* SwiftUI_Dice_appUITests.swift */ = {isa = PBXFileReference; lastKnownFileType = sourcecode.swift; path = SwiftUI_Dice_appUITests.swift; sourceTree = "<group>"; };
		76A2ABAB250863A100E709A9 /* Info.plist */ = {isa = PBXFileReference; lastKnownFileType = text.plist.xml; path = Info.plist; sourceTree = "<group>"; };
		76A2ABB7250863C400E709A9 /* .gitignore */ = {isa = PBXFileReference; lastKnownFileType = text; path = .gitignore; sourceTree = "<group>"; };
/* End PBXFileReference section */

/* Begin PBXFrameworksBuildPhase section */
		76A2AB812508639A00E709A9 /* Frameworks */ = {
			isa = PBXFrameworksBuildPhase;
			buildActionMask = 2147483647;
			files = (
			);
			runOnlyForDeploymentPostprocessing = 0;
		};
		76A2AB97250863A000E709A9 /* Frameworks */ = {
			isa = PBXFrameworksBuildPhase;
			buildActionMask = 2147483647;
			files = (
			);
			runOnlyForDeploymentPostprocessing = 0;
		};
		76A2ABA2250863A000E709A9 /* Frameworks */ = {
			isa = PBXFrameworksBuildPhase;
			buildActionMask = 2147483647;
			files = (
			);
			runOnlyForDeploymentPostprocessing = 0;
		};
/* End PBXFrameworksBuildPhase section */

/* Begin PBXGroup section */
		76A2AB7B2508639A00E709A9 = {
			isa = PBXGroup;
			children = (
				76A2ABB7250863C400E709A9 /* .gitignore */,
				76A2AB862508639A00E709A9 /* SwiftUI Dice app */,
				76A2AB9D250863A000E709A9 /* SwiftUI Dice appTests */,
				76A2ABA8250863A100E709A9 /* SwiftUI Dice appUITests */,
				76A2AB852508639A00E709A9 /* Products */,
			);
			sourceTree = "<group>";
		};
		76A2AB852508639A00E709A9 /* Products */ = {
			isa = PBXGroup;
			children = (
				76A2AB842508639A00E709A9 /* SwiftUI Dice app.app */,
				76A2AB9A250863A000E709A9 /* SwiftUI Dice appTests.xctest */,
				76A2ABA5250863A100E709A9 /* SwiftUI Dice appUITests.xctest */,
			);
			name = Products;
			sourceTree = "<group>";
		};
		76A2AB862508639A00E709A9 /* SwiftUI Dice app */ = {
			isa = PBXGroup;
			children = (
				76A2AB872508639A00E709A9 /* AppDelegate.swift */,
				76A2AB892508639A00E709A9 /* SceneDelegate.swift */,
				76A2AB8B2508639A00E709A9 /* ContentView.swift */,
				76A2AB8D250863A000E709A9 /* Assets.xcassets */,
				76A2AB92250863A000E709A9 /* LaunchScreen.storyboard */,
				76A2AB95250863A000E709A9 /* Info.plist */,
				76A2AB8F250863A000E709A9 /* Preview Content */,
			);
			path = "SwiftUI Dice app";
			sourceTree = "<group>";
		};
		76A2AB8F250863A000E709A9 /* Preview Content */ = {
			isa = PBXGroup;
			children = (
				76A2AB90250863A000E709A9 /* Preview Assets.xcassets */,
			);
			path = "Preview Content";
			sourceTree = "<group>";
		};
		76A2AB9D250863A000E709A9 /* SwiftUI Dice appTests */ = {
			isa = PBXGroup;
			children = (
				76A2AB9E250863A000E709A9 /* SwiftUI_Dice_appTests.swift */,
				76A2ABA0250863A000E709A9 /* Info.plist */,
			);
			path = "SwiftUI Dice appTests";
			sourceTree = "<group>";
		};
		76A2ABA8250863A100E709A9 /* SwiftUI Dice appUITests */ = {
			isa = PBXGroup;
			children = (
				76A2ABA9250863A100E709A9 /* SwiftUI_Dice_appUITests.swift */,
				76A2ABAB250863A100E709A9 /* Info.plist */,
			);
			path = "SwiftUI Dice appUITests";
			sourceTree = "<group>";
		};
/* End PBXGroup section */

/* Begin PBXNativeTarget section */
		76A2AB832508639A00E709A9 /* SwiftUI Dice app */ = {
			isa = PBXNativeTarget;
			buildConfigurationList = 76A2ABAE250863A100E709A9 /* Build configuration list for PBXNativeTarget "SwiftUI Dice app" */;
			buildPhases = (
				76A2AB802508639A00E709A9 /* Sources */,
				76A2AB812508639A00E709A9 /* Frameworks */,
				76A2AB822508639A00E709A9 /* Resources */,
			);
			buildRules = (
			);
			dependencies = (
			);
			name = "SwiftUI Dice app";
			productName = "SwiftUI Dice app";
			productReference = 76A2AB842508639A00E709A9 /* SwiftUI Dice app.app */;
			productType = "com.apple.product-type.application";
		};
		76A2AB99250863A000E709A9 /* SwiftUI Dice appTests */ = {
			isa = PBXNativeTarget;
			buildConfigurationList = 76A2ABB1250863A100E709A9 /* Build configuration list for PBXNativeTarget "SwiftUI Dice appTests" */;
			buildPhases = (
				76A2AB96250863A000E709A9 /* Sources */,
				76A2AB97250863A000E709A9 /* Frameworks */,
				76A2AB98250863A000E709A9 /* Resources */,
			);
			buildRules = (
			);
			dependencies = (
				76A2AB9C250863A000E709A9 /* PBXTargetDependency */,
			);
			name = "SwiftUI Dice appTests";
			productName = "SwiftUI Dice appTests";
			productReference = 76A2AB9A250863A000E709A9 /* SwiftUI Dice appTests.xctest */;
			productType = "com.apple.product-type.bundle.unit-test";
		};
		76A2ABA4250863A000E709A9 /* SwiftUI Dice appUITests */ = {
			isa = PBXNativeTarget;
			buildConfigurationList = 76A2ABB4250863A100E709A9 /* Build configuration list for PBXNativeTarget "SwiftUI Dice appUITests" */;
			buildPhases = (
				76A2ABA1250863A000E709A9 /* Sources */,
				76A2ABA2250863A000E709A9 /* Frameworks */,
				76A2ABA3250863A000E709A9 /* Resources */,
			);
			buildRules = (
			);
			dependencies = (
				76A2ABA7250863A100E709A9 /* PBXTargetDependency */,
			);
			name = "SwiftUI Dice appUITests";
			productName = "SwiftUI Dice appUITests";
			productReference = 76A2ABA5250863A100E709A9 /* SwiftUI Dice appUITests.xctest */;
			productType = "com.apple.product-type.bundle.ui-testing";
		};
/* End PBXNativeTarget section */

/* Begin PBXProject section */
		76A2AB7C2508639A00E709A9 /* Project object */ = {
			isa = PBXProject;
			attributes = {
				LastSwiftUpdateCheck = 1130;
				LastUpgradeCheck = 1130;
				ORGANIZATIONNAME = gustavo.lozano;
				TargetAttributes = {
					76A2AB832508639A00E709A9 = {
						CreatedOnToolsVersion = 11.3.1;
					};
					76A2AB99250863A000E709A9 = {
						CreatedOnToolsVersion = 11.3.1;
						TestTargetID = 76A2AB832508639A00E709A9;
					};
					76A2ABA4250863A000E709A9 = {
						CreatedOnToolsVersion = 11.3.1;
						TestTargetID = 76A2AB832508639A00E709A9;
					};
				};
			};
			buildConfigurationList = 76A2AB7F2508639A00E709A9 /* Build configuration list for PBXProject "SwiftUI Dice app" */;
			compatibilityVersion = "Xcode 9.3";
			developmentRegion = en;
			hasScannedForEncodings = 0;
			knownRegions = (
				en,
				Base,
			);
			mainGroup = 76A2AB7B2508639A00E709A9;
			productRefGroup = 76A2AB852508639A00E709A9 /* Products */;
			projectDirPath = "";
			projectRoot = "";
			targets = (
				76A2AB832508639A00E709A9 /* SwiftUI Dice app */,
				76A2AB99250863A000E709A9 /* SwiftUI Dice appTests */,
				76A2ABA4250863A000E709A9 /* SwiftUI Dice appUITests */,
			);
		};
/* End PBXProject section */

/* Begin PBXResourcesBuildPhase section */
		76A2AB822508639A00E709A9 /* Resources */ = {
			isa = PBXResourcesBuildPhase;
			buildActionMask = 2147483647;
			files = (
				76A2ABB8250863C400E709A9 /* .gitignore in Resources */,
				76A2AB94250863A000E709A9 /* LaunchScreen.storyboard in Resources */,
				76A2AB91250863A000E709A9 /* Preview Assets.xcassets in Resources */,
				76A2AB8E250863A000E709A9 /* Assets.xcassets in Resources */,
			);
			runOnlyForDeploymentPostprocessing = 0;
		};
		76A2AB98250863A000E709A9 /* Resources */ = {
			isa = PBXResourcesBuildPhase;
			buildActionMask = 2147483647;
			files = (
			);
			runOnlyForDeploymentPostprocessing = 0;
		};
		76A2ABA3250863A000E709A9 /* Resources */ = {
			isa = PBXResourcesBuildPhase;
			buildActionMask = 2147483647;
			files = (
			);
			runOnlyForDeploymentPostprocessing = 0;
		};
/* End PBXResourcesBuildPhase section */

/* Begin PBXSourcesBuildPhase section */
		76A2AB802508639A00E709A9 /* Sources */ = {
			isa = PBXSourcesBuildPhase;
			buildActionMask = 2147483647;
			files = (
				76A2AB882508639A00E709A9 /* AppDelegate.swift in Sources */,
				76A2AB8A2508639A00E709A9 /* SceneDelegate.swift in Sources */,
				76A2AB8C2508639A00E709A9 /* ContentView.swift in Sources */,
			);
			runOnlyForDeploymentPostprocessing = 0;
		};
		76A2AB96250863A000E709A9 /* Sources */ = {
			isa = PBXSourcesBuildPhase;
			buildActionMask = 2147483647;
			files = (
				76A2AB9F250863A000E709A9 /* SwiftUI_Dice_appTests.swift in Sources */,
			);
			runOnlyForDeploymentPostprocessing = 0;
		};
		76A2ABA1250863A000E709A9 /* Sources */ = {
			isa = PBXSourcesBuildPhase;
			buildActionMask = 2147483647;
			files = (
				76A2ABAA250863A100E709A9 /* SwiftUI_Dice_appUITests.swift in Sources */,
			);
			runOnlyForDeploymentPostprocessing = 0;
		};
/* End PBXSourcesBuildPhase section */

/* Begin PBXTargetDependency section */
		76A2AB9C250863A000E709A9 /* PBXTargetDependency */ = {
			isa = PBXTargetDependency;
			target = 76A2AB832508639A00E709A9 /* SwiftUI Dice app */;
			targetProxy = 76A2AB9B250863A000E709A9 /* PBXContainerItemProxy */;
		};
		76A2ABA7250863A100E709A9 /* PBXTargetDependency */ = {
			isa = PBXTargetDependency;
			target = 76A2AB832508639A00E709A9 /* SwiftUI Dice app */;
			targetProxy = 76A2ABA6250863A100E709A9 /* PBXContainerItemProxy */;
		};
/* End PBXTargetDependency section */

/* Begin PBXVariantGroup section */
		76A2AB92250863A000E709A9 /* LaunchScreen.storyboard */ = {
			isa = PBXVariantGroup;
			children = (
				76A2AB93250863A000E709A9 /* Base */,
			);
			name = LaunchScreen.storyboard;
			sourceTree = "<group>";
		};
/* End PBXVariantGroup section */

/* Begin XCBuildConfiguration section */
		76A2ABAC250863A100E709A9 /* Debug */ = {
			isa = XCBuildConfiguration;
			buildSettings = {
				ALWAYS_SEARCH_USER_PATHS = NO;
				CLANG_ANALYZER_NONNULL = YES;
				CLANG_ANALYZER_NUMBER_OBJECT_CONVERSION = YES_AGGRESSIVE;
				CLANG_CXX_LANGUAGE_STANDARD = "gnu++14";
				CLANG_CXX_LIBRARY = "libc++";
				CLANG_ENABLE_MODULES = YES;
				CLANG_ENABLE_OBJC_ARC = YES;
				CLANG_ENABLE_OBJC_WEAK = YES;
				CLANG_WARN_BLOCK_CAPTURE_AUTORELEASING = YES;
				CLANG_WARN_BOOL_CONVERSION = YES;
				CLANG_WARN_COMMA = YES;
				CLANG_WARN_CONSTANT_CONVERSION = YES;
				CLANG_WARN_DEPRECATED_OBJC_IMPLEMENTATIONS = YES;
				CLANG_WARN_DIRECT_OBJC_ISA_USAGE = YES_ERROR;
				CLANG_WARN_DOCUMENTATION_COMMENTS = YES;
				CLANG_WARN_EMPTY_BODY = YES;
				CLANG_WARN_ENUM_CONVERSION = YES;
				CLANG_WARN_INFINITE_RECURSION = YES;
				CLANG_WARN_INT_CONVERSION = YES;
				CLANG_WARN_NON_LITERAL_NULL_CONVERSION = YES;
				CLANG_WARN_OBJC_IMPLICIT_RETAIN_SELF = YES;
				CLANG_WARN_OBJC_LITERAL_CONVERSION = YES;
				CLANG_WARN_OBJC_ROOT_CLASS = YES_ERROR;
				CLANG_WARN_RANGE_LOOP_ANALYSIS = YES;
				CLANG_WARN_STRICT_PROTOTYPES = YES;
				CLANG_WARN_SUSPICIOUS_MOVE = YES;
				CLANG_WARN_UNGUARDED_AVAILABILITY = YES_AGGRESSIVE;
				CLANG_WARN_UNREACHABLE_CODE = YES;
				CLANG_WARN__DUPLICATE_METHOD_MATCH = YES;
				COPY_PHASE_STRIP = NO;
				DEBUG_INFORMATION_FORMAT = dwarf;
				ENABLE_STRICT_OBJC_MSGSEND = YES;
				ENABLE_TESTABILITY = YES;
				GCC_C_LANGUAGE_STANDARD = gnu11;
				GCC_DYNAMIC_NO_PIC = NO;
				GCC_NO_COMMON_BLOCKS = YES;
				GCC_OPTIMIZATION_LEVEL = 0;
				GCC_PREPROCESSOR_DEFINITIONS = (
					"DEBUG=1",
					"$(inherited)",
				);
				GCC_WARN_64_TO_32_BIT_CONVERSION = YES;
				GCC_WARN_ABOUT_RETURN_TYPE = YES_ERROR;
				GCC_WARN_UNDECLARED_SELECTOR = YES;
				GCC_WARN_UNINITIALIZED_AUTOS = YES_AGGRESSIVE;
				GCC_WARN_UNUSED_FUNCTION = YES;
				GCC_WARN_UNUSED_VARIABLE = YES;
				IPHONEOS_DEPLOYMENT_TARGET = 13.2;
				MTL_ENABLE_DEBUG_INFO = INCLUDE_SOURCE;
				MTL_FAST_MATH = YES;
				ONLY_ACTIVE_ARCH = YES;
				SDKROOT = iphoneos;
				SWIFT_ACTIVE_COMPILATION_CONDITIONS = DEBUG;
				SWIFT_OPTIMIZATION_LEVEL = "-Onone";
			};
			name = Debug;
		};
		76A2ABAD250863A100E709A9 /* Release */ = {
			isa = XCBuildConfiguration;
			buildSettings = {
				ALWAYS_SEARCH_USER_PATHS = NO;
				CLANG_ANALYZER_NONNULL = YES;
				CLANG_ANALYZER_NUMBER_OBJECT_CONVERSION = YES_AGGRESSIVE;
				CLANG_CXX_LANGUAGE_STANDARD = "gnu++14";
				CLANG_CXX_LIBRARY = "libc++";
				CLANG_ENABLE_MODULES = YES;
				CLANG_ENABLE_OBJC_ARC = YES;
				CLANG_ENABLE_OBJC_WEAK = YES;
				CLANG_WARN_BLOCK_CAPTURE_AUTORELEASING = YES;
				CLANG_WARN_BOOL_CONVERSION = YES;
				CLANG_WARN_COMMA = YES;
				CLANG_WARN_CONSTANT_CONVERSION = YES;
				CLANG_WARN_DEPRECATED_OBJC_IMPLEMENTATIONS = YES;
				CLANG_WARN_DIRECT_OBJC_ISA_USAGE = YES_ERROR;
				CLANG_WARN_DOCUMENTATION_COMMENTS = YES;
				CLANG_WARN_EMPTY_BODY = YES;
				CLANG_WARN_ENUM_CONVERSION = YES;
				CLANG_WARN_INFINITE_RECURSION = YES;
				CLANG_WARN_INT_CONVERSION = YES;
				CLANG_WARN_NON_LITERAL_NULL_CONVERSION = YES;
				CLANG_WARN_OBJC_IMPLICIT_RETAIN_SELF = YES;
				CLANG_WARN_OBJC_LITERAL_CONVERSION = YES;
				CLANG_WARN_OBJC_ROOT_CLASS = YES_ERROR;
				CLANG_WARN_RANGE_LOOP_ANALYSIS = YES;
				CLANG_WARN_STRICT_PROTOTYPES = YES;
				CLANG_WARN_SUSPICIOUS_MOVE = YES;
				CLANG_WARN_UNGUARDED_AVAILABILITY = YES_AGGRESSIVE;
				CLANG_WARN_UNREACHABLE_CODE = YES;
				CLANG_WARN__DUPLICATE_METHOD_MATCH = YES;
				COPY_PHASE_STRIP = NO;
				DEBUG_INFORMATION_FORMAT = "dwarf-with-dsym";
				ENABLE_NS_ASSERTIONS = NO;
				ENABLE_STRICT_OBJC_MSGSEND = YES;
				GCC_C_LANGUAGE_STANDARD = gnu11;
				GCC_NO_COMMON_BLOCKS = YES;
				GCC_WARN_64_TO_32_BIT_CONVERSION = YES;
				GCC_WARN_ABOUT_RETURN_TYPE = YES_ERROR;
				GCC_WARN_UNDECLARED_SELECTOR = YES;
				GCC_WARN_UNINITIALIZED_AUTOS = YES_AGGRESSIVE;
				GCC_WARN_UNUSED_FUNCTION = YES;
				GCC_WARN_UNUSED_VARIABLE = YES;
				IPHONEOS_DEPLOYMENT_TARGET = 13.2;
				MTL_ENABLE_DEBUG_INFO = NO;
				MTL_FAST_MATH = YES;
				SDKROOT = iphoneos;
				SWIFT_COMPILATION_MODE = wholemodule;
				SWIFT_OPTIMIZATION_LEVEL = "-O";
				VALIDATE_PRODUCT = YES;
			};
			name = Release;
		};
		76A2ABAF250863A100E709A9 /* Debug */ = {
			isa = XCBuildConfiguration;
			buildSettings = {
				ASSETCATALOG_COMPILER_APPICON_NAME = AppIcon;
				CODE_SIGN_STYLE = Automatic;
				DEVELOPMENT_ASSET_PATHS = "\"SwiftUI Dice app/Preview Content\"";
				ENABLE_PREVIEWS = YES;
				INFOPLIST_FILE = "SwiftUI Dice app/Info.plist";
				LD_RUNPATH_SEARCH_PATHS = (
					"$(inherited)",
					"@executable_path/Frameworks",
				);
				PRODUCT_BUNDLE_IDENTIFIER = "pe.gadolfolfolozano.SwiftUI-Dice-app";
				PRODUCT_NAME = "$(TARGET_NAME)";
				SWIFT_VERSION = 5.0;
				TARGETED_DEVICE_FAMILY = "1,2";
			};
			name = Debug;
		};
		76A2ABB0250863A100E709A9 /* Release */ = {
			isa = XCBuildConfiguration;
			buildSettings = {
				ASSETCATALOG_COMPILER_APPICON_NAME = AppIcon;
				CODE_SIGN_STYLE = Automatic;
				DEVELOPMENT_ASSET_PATHS = "\"SwiftUI Dice app/Preview Content\"";
				ENABLE_PREVIEWS = YES;
				INFOPLIST_FILE = "SwiftUI Dice app/Info.plist";
				LD_RUNPATH_SEARCH_PATHS = (
					"$(inherited)",
					"@executable_path/Frameworks",
				);
				PRODUCT_BUNDLE_IDENTIFIER = "pe.gadolfolfolozano.SwiftUI-Dice-app";
				PRODUCT_NAME = "$(TARGET_NAME)";
				SWIFT_VERSION = 5.0;
				TARGETED_DEVICE_FAMILY = "1,2";
			};
			name = Release;
		};
		76A2ABB2250863A100E709A9 /* Debug */ = {
			isa = XCBuildConfiguration;
			buildSettings = {
				ALWAYS_EMBED_SWIFT_STANDARD_LIBRARIES = YES;
				BUNDLE_LOADER = "$(TEST_HOST)";
				CODE_SIGN_STYLE = Automatic;
				INFOPLIST_FILE = "SwiftUI Dice appTests/Info.plist";
				IPHONEOS_DEPLOYMENT_TARGET = 13.2;
				LD_RUNPATH_SEARCH_PATHS = (
					"$(inherited)",
					"@executable_path/Frameworks",
					"@loader_path/Frameworks",
				);
				PRODUCT_BUNDLE_IDENTIFIER = "pe.gadolfolfolozano.SwiftUI-Dice-appTests";
				PRODUCT_NAME = "$(TARGET_NAME)";
				SWIFT_VERSION = 5.0;
				TARGETED_DEVICE_FAMILY = "1,2";
				TEST_HOST = "$(BUILT_PRODUCTS_DIR)/SwiftUI Dice app.app/SwiftUI Dice app";
			};
			name = Debug;
		};
		76A2ABB3250863A100E709A9 /* Release */ = {
			isa = XCBuildConfiguration;
			buildSettings = {
				ALWAYS_EMBED_SWIFT_STANDARD_LIBRARIES = YES;
				BUNDLE_LOADER = "$(TEST_HOST)";
				CODE_SIGN_STYLE = Automatic;
				INFOPLIST_FILE = "SwiftUI Dice appTests/Info.plist";
				IPHONEOS_DEPLOYMENT_TARGET = 13.2;
				LD_RUNPATH_SEARCH_PATHS = (
					"$(inherited)",
					"@executable_path/Frameworks",
					"@loader_path/Frameworks",
				);
				PRODUCT_BUNDLE_IDENTIFIER = "pe.gadolfolfolozano.SwiftUI-Dice-appTests";
				PRODUCT_NAME = "$(TARGET_NAME)";
				SWIFT_VERSION = 5.0;
				TARGETED_DEVICE_FAMILY = "1,2";
				TEST_HOST = "$(BUILT_PRODUCTS_DIR)/SwiftUI Dice app.app/SwiftUI Dice app";
			};
			name = Release;
		};
		76A2ABB5250863A100E709A9 /* Debug */ = {
			isa = XCBuildConfiguration;
			buildSettings = {
				ALWAYS_EMBED_SWIFT_STANDARD_LIBRARIES = YES;
				CODE_SIGN_STYLE = Automatic;
				INFOPLIST_FILE = "SwiftUI Dice appUITests/Info.plist";
				LD_RUNPATH_SEARCH_PATHS = (
					"$(inherited)",
					"@executable_path/Frameworks",
					"@loader_path/Frameworks",
				);
				PRODUCT_BUNDLE_IDENTIFIER = "pe.gadolfolfolozano.SwiftUI-Dice-appUITests";
				PRODUCT_NAME = "$(TARGET_NAME)";
				SWIFT_VERSION = 5.0;
				TARGETED_DEVICE_FAMILY = "1,2";
				TEST_TARGET_NAME = "SwiftUI Dice app";
			};
			name = Debug;
		};
		76A2ABB6250863A100E709A9 /* Release */ = {
			isa = XCBuildConfiguration;
			buildSettings = {
				ALWAYS_EMBED_SWIFT_STANDARD_LIBRARIES = YES;
				CODE_SIGN_STYLE = Automatic;
				INFOPLIST_FILE = "SwiftUI Dice appUITests/Info.plist";
				LD_RUNPATH_SEARCH_PATHS = (
					"$(inherited)",
					"@executable_path/Frameworks",
					"@loader_path/Frameworks",
				);
				PRODUCT_BUNDLE_IDENTIFIER = "pe.gadolfolfolozano.SwiftUI-Dice-appUITests";
				PRODUCT_NAME = "$(TARGET_NAME)";
				SWIFT_VERSION = 5.0;
				TARGETED_DEVICE_FAMILY = "1,2";
				TEST_TARGET_NAME = "SwiftUI Dice app";
			};
			name = Release;
		};
/* End XCBuildConfiguration section */

/* Begin XCConfigurationList section */
		76A2AB7F2508639A00E709A9 /* Build configuration list for PBXProject "SwiftUI Dice app" */ = {
			isa = XCConfigurationList;
			buildConfigurations = (
				76A2ABAC250863A100E709A9 /* Debug */,
				76A2ABAD250863A100E709A9 /* Release */,
			);
			defaultConfigurationIsVisible = 0;
			defaultConfigurationName = Release;
		};
		76A2ABAE250863A100E709A9 /* Build configuration list for PBXNativeTarget "SwiftUI Dice app" */ = {
			isa = XCConfigurationList;
			buildConfigurations = (
				76A2ABAF250863A100E709A9 /* Debug */,
				76A2ABB0250863A100E709A9 /* Release */,
			);
			defaultConfigurationIsVisible = 0;
			defaultConfigurationName = Release;
		};
		76A2ABB1250863A100E709A9 /* Build configuration list for PBXNativeTarget "SwiftUI Dice appTests" */ = {
			isa = XCConfigurationList;
			buildConfigurations = (
				76A2ABB2250863A100E709A9 /* Debug */,
				76A2ABB3250863A100E709A9 /* Release */,
			);
			defaultConfigurationIsVisible = 0;
			defaultConfigurationName = Release;
		};
		76A2ABB4250863A100E709A9 /* Build configuration list for PBXNativeTarget "SwiftUI Dice appUITests" */ = {
			isa = XCConfigurationList;
			buildConfigurations = (
				76A2ABB5250863A100E709A9 /* Debug */,
				76A2ABB6250863A100E709A9 /* Release */,
			);
			defaultConfigurationIsVisible = 0;
			defaultConfigurationName = Release;
		};
/* End XCConfigurationList section */
	};
	rootObject = 76A2AB7C2508639A00E709A9 /* Project object */;
}
